
Microsoft Visual Studio Solution File, Format Version 12.00
# Visual Studio Version 16
VisualStudioVersion = 16.0.28315.86
MinimumVisualStudioVersion = 10.0.40219.1
Project("{2150E333-8FDC-42A3-9474-1A3956D46DE8}") = ".nuget", ".nuget", "{F1F3E520-65C3-4157-BE4D-58CA73AF5A20}"
	ProjectSection(SolutionItems) = preProject
		nuget.config = nuget.config
	EndProjectSection
EndProject
Project("{9A19103F-16F7-4668-BE54-9A1E7A4F7556}") = "Core", "Core\Core.csproj", "{E76992EE-AF66-40A2-AFEB-2F864E440190}"
EndProject
Project("{9A19103F-16F7-4668-BE54-9A1E7A4F7556}") = "DataInterface", "DataInterface\DataInterface.csproj", "{30FB32F6-AB8D-446C-B867-F483A62FA95F}"
EndProject
Project("{9A19103F-16F7-4668-BE54-9A1E7A4F7556}") = "DataSource", "DataSource\DataSource.csproj", "{7B5DFE42-B6FF-415A-B19B-62CF6E8C52EB}"
EndProject
Project("{9A19103F-16F7-4668-BE54-9A1E7A4F7556}") = "ConsoleApp", "ConsoleApp\ConsoleApp.csproj", "{17C0A9C8-3747-4149-968C-65599BCF892C}"
EndProject
Project("{FAE04EC0-301F-11D3-BF4B-00C04F79EFBC}") = "UI.WPF", "UI.WPF\UI.WPF.csproj", "{B9E9D7B8-42D0-48FD-9A9E-9B10C3566D62}"
EndProject
Project("{FAE04EC0-301F-11D3-BF4B-00C04F79EFBC}") = "AssetsNet", "AssetsNet\AssetsNet.csproj", "{4BFFDA53-6778-4330-8398-3483424A0C57}"
EndProject
Project("{FAE04EC0-301F-11D3-BF4B-00C04F79EFBC}") = "ParallelExtensionsExtras", "parallel-extensions-extras-master\ParallelExtensionsExtras.csproj", "{C45218F8-09E7-4F57-85BC-5D8D2AC736A3}"
EndProject
Project("{9A19103F-16F7-4668-BE54-9A1E7A4F7556}") = "CashFlowModels", "CashFlowModels\CashFlowModels.csproj", "{2F0516FB-EA25-4ABB-8BED-99C5E731F462}"
EndProject
Project("{FAE04EC0-301F-11D3-BF4B-00C04F79EFBC}") = "CashSimModels", "CashSimModels\CashSimModels.csproj", "{36A8223F-C08E-476D-8005-027DB19A9CEB}"
EndProject
Project("{FAE04EC0-301F-11D3-BF4B-00C04F79EFBC}") = "SimTesting", "SimTesting\SimTesting.csproj", "{B5EE597E-B5A9-4EE5-9FB6-EE8469E7D30D}"
EndProject
Global
	GlobalSection(SolutionConfigurationPlatforms) = preSolution
		Debug|Any CPU = Debug|Any CPU
		Debug|ARM = Debug|ARM
		Debug|ARM64 = Debug|ARM64
		Debug|x64 = Debug|x64
		Debug|x86 = Debug|x86
		Release|Any CPU = Release|Any CPU
		Release|ARM = Release|ARM
		Release|ARM64 = Release|ARM64
		Release|x64 = Release|x64
		Release|x86 = Release|x86
	EndGlobalSection
	GlobalSection(ProjectConfigurationPlatforms) = postSolution
		{E76992EE-AF66-40A2-AFEB-2F864E440190}.Debug|Any CPU.ActiveCfg = Debug|Any CPU
		{E76992EE-AF66-40A2-AFEB-2F864E440190}.Debug|Any CPU.Build.0 = Debug|Any CPU
		{E76992EE-AF66-40A2-AFEB-2F864E440190}.Debug|ARM.ActiveCfg = Debug|Any CPU
		{E76992EE-AF66-40A2-AFEB-2F864E440190}.Debug|ARM.Build.0 = Debug|Any CPU
		{E76992EE-AF66-40A2-AFEB-2F864E440190}.Debug|ARM64.ActiveCfg = Debug|Any CPU
		{E76992EE-AF66-40A2-AFEB-2F864E440190}.Debug|ARM64.Build.0 = Debug|Any CPU
		{E76992EE-AF66-40A2-AFEB-2F864E440190}.Debug|x64.ActiveCfg = Debug|Any CPU
		{E76992EE-AF66-40A2-AFEB-2F864E440190}.Debug|x64.Build.0 = Debug|Any CPU
		{E76992EE-AF66-40A2-AFEB-2F864E440190}.Debug|x86.ActiveCfg = Debug|Any CPU
		{E76992EE-AF66-40A2-AFEB-2F864E440190}.Debug|x86.Build.0 = Debug|Any CPU
		{E76992EE-AF66-40A2-AFEB-2F864E440190}.Release|Any CPU.ActiveCfg = Release|Any CPU
		{E76992EE-AF66-40A2-AFEB-2F864E440190}.Release|Any CPU.Build.0 = Release|Any CPU
		{E76992EE-AF66-40A2-AFEB-2F864E440190}.Release|ARM.ActiveCfg = Release|Any CPU
		{E76992EE-AF66-40A2-AFEB-2F864E440190}.Release|ARM.Build.0 = Release|Any CPU
		{E76992EE-AF66-40A2-AFEB-2F864E440190}.Release|ARM64.ActiveCfg = Release|Any CPU
		{E76992EE-AF66-40A2-AFEB-2F864E440190}.Release|ARM64.Build.0 = Release|Any CPU
		{E76992EE-AF66-40A2-AFEB-2F864E440190}.Release|x64.ActiveCfg = Release|Any CPU
		{E76992EE-AF66-40A2-AFEB-2F864E440190}.Release|x64.Build.0 = Release|Any CPU
		{E76992EE-AF66-40A2-AFEB-2F864E440190}.Release|x86.ActiveCfg = Release|Any CPU
		{E76992EE-AF66-40A2-AFEB-2F864E440190}.Release|x86.Build.0 = Release|Any CPU
		{30FB32F6-AB8D-446C-B867-F483A62FA95F}.Debug|Any CPU.ActiveCfg = Debug|Any CPU
		{30FB32F6-AB8D-446C-B867-F483A62FA95F}.Debug|Any CPU.Build.0 = Debug|Any CPU
		{30FB32F6-AB8D-446C-B867-F483A62FA95F}.Debug|ARM.ActiveCfg = Debug|Any CPU
		{30FB32F6-AB8D-446C-B867-F483A62FA95F}.Debug|ARM.Build.0 = Debug|Any CPU
		{30FB32F6-AB8D-446C-B867-F483A62FA95F}.Debug|ARM64.ActiveCfg = Debug|Any CPU
		{30FB32F6-AB8D-446C-B867-F483A62FA95F}.Debug|ARM64.Build.0 = Debug|Any CPU
		{30FB32F6-AB8D-446C-B867-F483A62FA95F}.Debug|x64.ActiveCfg = Debug|Any CPU
		{30FB32F6-AB8D-446C-B867-F483A62FA95F}.Debug|x64.Build.0 = Debug|Any CPU
		{30FB32F6-AB8D-446C-B867-F483A62FA95F}.Debug|x86.ActiveCfg = Debug|Any CPU
		{30FB32F6-AB8D-446C-B867-F483A62FA95F}.Debug|x86.Build.0 = Debug|Any CPU
		{30FB32F6-AB8D-446C-B867-F483A62FA95F}.Release|Any CPU.ActiveCfg = Release|Any CPU
		{30FB32F6-AB8D-446C-B867-F483A62FA95F}.Release|Any CPU.Build.0 = Release|Any CPU
		{30FB32F6-AB8D-446C-B867-F483A62FA95F}.Release|ARM.ActiveCfg = Release|Any CPU
		{30FB32F6-AB8D-446C-B867-F483A62FA95F}.Release|ARM.Build.0 = Release|Any CPU
		{30FB32F6-AB8D-446C-B867-F483A62FA95F}.Release|ARM64.ActiveCfg = Release|Any CPU
		{30FB32F6-AB8D-446C-B867-F483A62FA95F}.Release|ARM64.Build.0 = Release|Any CPU
		{30FB32F6-AB8D-446C-B867-F483A62FA95F}.Release|x64.ActiveCfg = Release|Any CPU
		{30FB32F6-AB8D-446C-B867-F483A62FA95F}.Release|x64.Build.0 = Release|Any CPU
		{30FB32F6-AB8D-446C-B867-F483A62FA95F}.Release|x86.ActiveCfg = Release|Any CPU
		{30FB32F6-AB8D-446C-B867-F483A62FA95F}.Release|x86.Build.0 = Release|Any CPU
		{7B5DFE42-B6FF-415A-B19B-62CF6E8C52EB}.Debug|Any CPU.ActiveCfg = Debug|Any CPU
		{7B5DFE42-B6FF-415A-B19B-62CF6E8C52EB}.Debug|Any CPU.Build.0 = Debug|Any CPU
		{7B5DFE42-B6FF-415A-B19B-62CF6E8C52EB}.Debug|ARM.ActiveCfg = Debug|Any CPU
		{7B5DFE42-B6FF-415A-B19B-62CF6E8C52EB}.Debug|ARM.Build.0 = Debug|Any CPU
		{7B5DFE42-B6FF-415A-B19B-62CF6E8C52EB}.Debug|ARM64.ActiveCfg = Debug|Any CPU
		{7B5DFE42-B6FF-415A-B19B-62CF6E8C52EB}.Debug|ARM64.Build.0 = Debug|Any CPU
		{7B5DFE42-B6FF-415A-B19B-62CF6E8C52EB}.Debug|x64.ActiveCfg = Debug|Any CPU
		{7B5DFE42-B6FF-415A-B19B-62CF6E8C52EB}.Debug|x64.Build.0 = Debug|Any CPU
		{7B5DFE42-B6FF-415A-B19B-62CF6E8C52EB}.Debug|x86.ActiveCfg = Debug|Any CPU
		{7B5DFE42-B6FF-415A-B19B-62CF6E8C52EB}.Debug|x86.Build.0 = Debug|Any CPU
		{7B5DFE42-B6FF-415A-B19B-62CF6E8C52EB}.Release|Any CPU.ActiveCfg = Release|Any CPU
		{7B5DFE42-B6FF-415A-B19B-62CF6E8C52EB}.Release|Any CPU.Build.0 = Release|Any CPU
		{7B5DFE42-B6FF-415A-B19B-62CF6E8C52EB}.Release|ARM.ActiveCfg = Release|Any CPU
		{7B5DFE42-B6FF-415A-B19B-62CF6E8C52EB}.Release|ARM.Build.0 = Release|Any CPU
		{7B5DFE42-B6FF-415A-B19B-62CF6E8C52EB}.Release|ARM64.ActiveCfg = Release|Any CPU
		{7B5DFE42-B6FF-415A-B19B-62CF6E8C52EB}.Release|ARM64.Build.0 = Release|Any CPU
		{7B5DFE42-B6FF-415A-B19B-62CF6E8C52EB}.Release|x64.ActiveCfg = Release|Any CPU
		{7B5DFE42-B6FF-415A-B19B-62CF6E8C52EB}.Release|x64.Build.0 = Release|Any CPU
		{7B5DFE42-B6FF-415A-B19B-62CF6E8C52EB}.Release|x86.ActiveCfg = Release|Any CPU
		{7B5DFE42-B6FF-415A-B19B-62CF6E8C52EB}.Release|x86.Build.0 = Release|Any CPU
		{17C0A9C8-3747-4149-968C-65599BCF892C}.Debug|Any CPU.ActiveCfg = Debug|Any CPU
		{17C0A9C8-3747-4149-968C-65599BCF892C}.Debug|Any CPU.Build.0 = Debug|Any CPU
		{17C0A9C8-3747-4149-968C-65599BCF892C}.Debug|ARM.ActiveCfg = Debug|Any CPU
		{17C0A9C8-3747-4149-968C-65599BCF892C}.Debug|ARM.Build.0 = Debug|Any CPU
		{17C0A9C8-3747-4149-968C-65599BCF892C}.Debug|ARM64.ActiveCfg = Debug|Any CPU
		{17C0A9C8-3747-4149-968C-65599BCF892C}.Debug|ARM64.Build.0 = Debug|Any CPU
		{17C0A9C8-3747-4149-968C-65599BCF892C}.Debug|x64.ActiveCfg = Debug|Any CPU
		{17C0A9C8-3747-4149-968C-65599BCF892C}.Debug|x64.Build.0 = Debug|Any CPU
		{17C0A9C8-3747-4149-968C-65599BCF892C}.Debug|x86.ActiveCfg = Debug|Any CPU
		{17C0A9C8-3747-4149-968C-65599BCF892C}.Debug|x86.Build.0 = Debug|Any CPU
		{17C0A9C8-3747-4149-968C-65599BCF892C}.Release|Any CPU.ActiveCfg = Release|Any CPU
		{17C0A9C8-3747-4149-968C-65599BCF892C}.Release|Any CPU.Build.0 = Release|Any CPU
		{17C0A9C8-3747-4149-968C-65599BCF892C}.Release|ARM.ActiveCfg = Release|Any CPU
		{17C0A9C8-3747-4149-968C-65599BCF892C}.Release|ARM.Build.0 = Release|Any CPU
		{17C0A9C8-3747-4149-968C-65599BCF892C}.Release|ARM64.ActiveCfg = Release|Any CPU
		{17C0A9C8-3747-4149-968C-65599BCF892C}.Release|ARM64.Build.0 = Release|Any CPU
		{17C0A9C8-3747-4149-968C-65599BCF892C}.Release|x64.ActiveCfg = Release|Any CPU
		{17C0A9C8-3747-4149-968C-65599BCF892C}.Release|x64.Build.0 = Release|Any CPU
		{17C0A9C8-3747-4149-968C-65599BCF892C}.Release|x86.ActiveCfg = Release|Any CPU
		{17C0A9C8-3747-4149-968C-65599BCF892C}.Release|x86.Build.0 = Release|Any CPU
		{B9E9D7B8-42D0-48FD-9A9E-9B10C3566D62}.Debug|Any CPU.ActiveCfg = Debug|Any CPU
		{B9E9D7B8-42D0-48FD-9A9E-9B10C3566D62}.Debug|Any CPU.Build.0 = Debug|Any CPU
		{B9E9D7B8-42D0-48FD-9A9E-9B10C3566D62}.Debug|ARM.ActiveCfg = Debug|Any CPU
		{B9E9D7B8-42D0-48FD-9A9E-9B10C3566D62}.Debug|ARM.Build.0 = Debug|Any CPU
		{B9E9D7B8-42D0-48FD-9A9E-9B10C3566D62}.Debug|ARM64.ActiveCfg = Debug|Any CPU
		{B9E9D7B8-42D0-48FD-9A9E-9B10C3566D62}.Debug|ARM64.Build.0 = Debug|Any CPU
		{B9E9D7B8-42D0-48FD-9A9E-9B10C3566D62}.Debug|x64.ActiveCfg = Debug|Any CPU
		{B9E9D7B8-42D0-48FD-9A9E-9B10C3566D62}.Debug|x64.Build.0 = Debug|Any CPU
		{B9E9D7B8-42D0-48FD-9A9E-9B10C3566D62}.Debug|x86.ActiveCfg = Debug|Any CPU
		{B9E9D7B8-42D0-48FD-9A9E-9B10C3566D62}.Debug|x86.Build.0 = Debug|Any CPU
		{B9E9D7B8-42D0-48FD-9A9E-9B10C3566D62}.Release|Any CPU.ActiveCfg = Release|Any CPU
		{B9E9D7B8-42D0-48FD-9A9E-9B10C3566D62}.Release|Any CPU.Build.0 = Release|Any CPU
		{B9E9D7B8-42D0-48FD-9A9E-9B10C3566D62}.Release|ARM.ActiveCfg = Release|Any CPU
		{B9E9D7B8-42D0-48FD-9A9E-9B10C3566D62}.Release|ARM.Build.0 = Release|Any CPU
		{B9E9D7B8-42D0-48FD-9A9E-9B10C3566D62}.Release|ARM64.ActiveCfg = Release|Any CPU
		{B9E9D7B8-42D0-48FD-9A9E-9B10C3566D62}.Release|ARM64.Build.0 = Release|Any CPU
		{B9E9D7B8-42D0-48FD-9A9E-9B10C3566D62}.Release|x64.ActiveCfg = Release|Any CPU
		{B9E9D7B8-42D0-48FD-9A9E-9B10C3566D62}.Release|x64.Build.0 = Release|Any CPU
		{B9E9D7B8-42D0-48FD-9A9E-9B10C3566D62}.Release|x86.ActiveCfg = Release|Any CPU
		{B9E9D7B8-42D0-48FD-9A9E-9B10C3566D62}.Release|x86.Build.0 = Release|Any CPU
		{4BFFDA53-6778-4330-8398-3483424A0C57}.Debug|Any CPU.ActiveCfg = Debug|Any CPU
		{4BFFDA53-6778-4330-8398-3483424A0C57}.Debug|Any CPU.Build.0 = Debug|Any CPU
		{4BFFDA53-6778-4330-8398-3483424A0C57}.Debug|ARM.ActiveCfg = Debug|Any CPU
		{4BFFDA53-6778-4330-8398-3483424A0C57}.Debug|ARM.Build.0 = Debug|Any CPU
		{4BFFDA53-6778-4330-8398-3483424A0C57}.Debug|ARM64.ActiveCfg = Debug|Any CPU
		{4BFFDA53-6778-4330-8398-3483424A0C57}.Debug|ARM64.Build.0 = Debug|Any CPU
		{4BFFDA53-6778-4330-8398-3483424A0C57}.Debug|x64.ActiveCfg = Debug|Any CPU
		{4BFFDA53-6778-4330-8398-3483424A0C57}.Debug|x64.Build.0 = Debug|Any CPU
		{4BFFDA53-6778-4330-8398-3483424A0C57}.Debug|x86.ActiveCfg = Debug|Any CPU
		{4BFFDA53-6778-4330-8398-3483424A0C57}.Debug|x86.Build.0 = Debug|Any CPU
		{4BFFDA53-6778-4330-8398-3483424A0C57}.Release|Any CPU.ActiveCfg = Release|Any CPU
		{4BFFDA53-6778-4330-8398-3483424A0C57}.Release|Any CPU.Build.0 = Release|Any CPU
		{4BFFDA53-6778-4330-8398-3483424A0C57}.Release|ARM.ActiveCfg = Release|Any CPU
		{4BFFDA53-6778-4330-8398-3483424A0C57}.Release|ARM.Build.0 = Release|Any CPU
		{4BFFDA53-6778-4330-8398-3483424A0C57}.Release|ARM64.ActiveCfg = Release|Any CPU
		{4BFFDA53-6778-4330-8398-3483424A0C57}.Release|ARM64.Build.0 = Release|Any CPU
		{4BFFDA53-6778-4330-8398-3483424A0C57}.Release|x64.ActiveCfg = Release|Any CPU
		{4BFFDA53-6778-4330-8398-3483424A0C57}.Release|x64.Build.0 = Release|Any CPU
		{4BFFDA53-6778-4330-8398-3483424A0C57}.Release|x86.ActiveCfg = Release|Any CPU
		{4BFFDA53-6778-4330-8398-3483424A0C57}.Release|x86.Build.0 = Release|Any CPU
		{C45218F8-09E7-4F57-85BC-5D8D2AC736A3}.Debug|Any CPU.ActiveCfg = Debug|Any CPU
		{C45218F8-09E7-4F57-85BC-5D8D2AC736A3}.Debug|Any CPU.Build.0 = Debug|Any CPU
		{C45218F8-09E7-4F57-85BC-5D8D2AC736A3}.Debug|ARM.ActiveCfg = Debug|Any CPU
		{C45218F8-09E7-4F57-85BC-5D8D2AC736A3}.Debug|ARM.Build.0 = Debug|Any CPU
		{C45218F8-09E7-4F57-85BC-5D8D2AC736A3}.Debug|ARM64.ActiveCfg = Debug|Any CPU
		{C45218F8-09E7-4F57-85BC-5D8D2AC736A3}.Debug|ARM64.Build.0 = Debug|Any CPU
		{C45218F8-09E7-4F57-85BC-5D8D2AC736A3}.Debug|x64.ActiveCfg = Debug|Any CPU
		{C45218F8-09E7-4F57-85BC-5D8D2AC736A3}.Debug|x64.Build.0 = Debug|Any CPU
		{C45218F8-09E7-4F57-85BC-5D8D2AC736A3}.Debug|x86.ActiveCfg = Debug|Any CPU
		{C45218F8-09E7-4F57-85BC-5D8D2AC736A3}.Debug|x86.Build.0 = Debug|Any CPU
		{C45218F8-09E7-4F57-85BC-5D8D2AC736A3}.Release|Any CPU.ActiveCfg = Release|Any CPU
		{C45218F8-09E7-4F57-85BC-5D8D2AC736A3}.Release|Any CPU.Build.0 = Release|Any CPU
		{C45218F8-09E7-4F57-85BC-5D8D2AC736A3}.Release|ARM.ActiveCfg = Release|Any CPU
		{C45218F8-09E7-4F57-85BC-5D8D2AC736A3}.Release|ARM.Build.0 = Release|Any CPU
		{C45218F8-09E7-4F57-85BC-5D8D2AC736A3}.Release|ARM64.ActiveCfg = Release|Any CPU
		{C45218F8-09E7-4F57-85BC-5D8D2AC736A3}.Release|ARM64.Build.0 = Release|Any CPU
		{C45218F8-09E7-4F57-85BC-5D8D2AC736A3}.Release|x64.ActiveCfg = Release|Any CPU
		{C45218F8-09E7-4F57-85BC-5D8D2AC736A3}.Release|x64.Build.0 = Release|Any CPU
		{C45218F8-09E7-4F57-85BC-5D8D2AC736A3}.Release|x86.ActiveCfg = Release|Any CPU
		{C45218F8-09E7-4F57-85BC-5D8D2AC736A3}.Release|x86.Build.0 = Release|Any CPU
		{2F0516FB-EA25-4ABB-8BED-99C5E731F462}.Debug|Any CPU.ActiveCfg = Debug|Any CPU
		{2F0516FB-EA25-4ABB-8BED-99C5E731F462}.Debug|Any CPU.Build.0 = Debug|Any CPU
		{2F0516FB-EA25-4ABB-8BED-99C5E731F462}.Debug|ARM.ActiveCfg = Debug|Any CPU
		{2F0516FB-EA25-4ABB-8BED-99C5E731F462}.Debug|ARM.Build.0 = Debug|Any CPU
		{2F0516FB-EA25-4ABB-8BED-99C5E731F462}.Debug|ARM64.ActiveCfg = Debug|Any CPU
		{2F0516FB-EA25-4ABB-8BED-99C5E731F462}.Debug|ARM64.Build.0 = Debug|Any CPU
		{2F0516FB-EA25-4ABB-8BED-99C5E731F462}.Debug|x64.ActiveCfg = Debug|Any CPU
		{2F0516FB-EA25-4ABB-8BED-99C5E731F462}.Debug|x64.Build.0 = Debug|Any CPU
		{2F0516FB-EA25-4ABB-8BED-99C5E731F462}.Debug|x86.ActiveCfg = Debug|Any CPU
		{2F0516FB-EA25-4ABB-8BED-99C5E731F462}.Debug|x86.Build.0 = Debug|Any CPU
		{2F0516FB-EA25-4ABB-8BED-99C5E731F462}.Release|Any CPU.ActiveCfg = Release|Any CPU
		{2F0516FB-EA25-4ABB-8BED-99C5E731F462}.Release|Any CPU.Build.0 = Release|Any CPU
		{2F0516FB-EA25-4ABB-8BED-99C5E731F462}.Release|ARM.ActiveCfg = Release|Any CPU
		{2F0516FB-EA25-4ABB-8BED-99C5E731F462}.Release|ARM.Build.0 = Release|Any CPU
		{2F0516FB-EA25-4ABB-8BED-99C5E731F462}.Release|ARM64.ActiveCfg = Release|Any CPU
		{2F0516FB-EA25-4ABB-8BED-99C5E731F462}.Release|ARM64.Build.0 = Release|Any CPU
		{2F0516FB-EA25-4ABB-8BED-99C5E731F462}.Release|x64.ActiveCfg = Release|Any CPU
		{2F0516FB-EA25-4ABB-8BED-99C5E731F462}.Release|x64.Build.0 = Release|Any CPU
		{2F0516FB-EA25-4ABB-8BED-99C5E731F462}.Release|x86.ActiveCfg = Release|Any CPU
		{2F0516FB-EA25-4ABB-8BED-99C5E731F462}.Release|x86.Build.0 = Release|Any CPU
		{36A8223F-C08E-476D-8005-027DB19A9CEB}.Debug|Any CPU.ActiveCfg = Debug|Any CPU
		{36A8223F-C08E-476D-8005-027DB19A9CEB}.Debug|Any CPU.Build.0 = Debug|Any CPU
		{36A8223F-C08E-476D-8005-027DB19A9CEB}.Debug|ARM.ActiveCfg = Debug|Any CPU
		{36A8223F-C08E-476D-8005-027DB19A9CEB}.Debug|ARM.Build.0 = Debug|Any CPU
		{36A8223F-C08E-476D-8005-027DB19A9CEB}.Debug|ARM64.ActiveCfg = Debug|Any CPU
		{36A8223F-C08E-476D-8005-027DB19A9CEB}.Debug|ARM64.Build.0 = Debug|Any CPU
		{36A8223F-C08E-476D-8005-027DB19A9CEB}.Debug|x64.ActiveCfg = Debug|Any CPU
		{36A8223F-C08E-476D-8005-027DB19A9CEB}.Debug|x64.Build.0 = Debug|Any CPU
		{36A8223F-C08E-476D-8005-027DB19A9CEB}.Debug|x86.ActiveCfg = Debug|Any CPU
		{36A8223F-C08E-476D-8005-027DB19A9CEB}.Debug|x86.Build.0 = Debug|Any CPU
		{36A8223F-C08E-476D-8005-027DB19A9CEB}.Release|Any CPU.ActiveCfg = Release|Any CPU
		{36A8223F-C08E-476D-8005-027DB19A9CEB}.Release|Any CPU.Build.0 = Release|Any CPU
		{36A8223F-C08E-476D-8005-027DB19A9CEB}.Release|ARM.ActiveCfg = Release|Any CPU
		{36A8223F-C08E-476D-8005-027DB19A9CEB}.Release|ARM.Build.0 = Release|Any CPU
		{36A8223F-C08E-476D-8005-027DB19A9CEB}.Release|ARM64.ActiveCfg = Release|Any CPU
		{36A8223F-C08E-476D-8005-027DB19A9CEB}.Release|ARM64.Build.0 = Release|Any CPU
		{36A8223F-C08E-476D-8005-027DB19A9CEB}.Release|x64.ActiveCfg = Release|Any CPU
		{36A8223F-C08E-476D-8005-027DB19A9CEB}.Release|x64.Build.0 = Release|Any CPU
		{36A8223F-C08E-476D-8005-027DB19A9CEB}.Release|x86.ActiveCfg = Release|Any CPU
		{36A8223F-C08E-476D-8005-027DB19A9CEB}.Release|x86.Build.0 = Release|Any CPU
		{B5EE597E-B5A9-4EE5-9FB6-EE8469E7D30D}.Debug|Any CPU.ActiveCfg = Debug|Any CPU
		{B5EE597E-B5A9-4EE5-9FB6-EE8469E7D30D}.Debug|Any CPU.Build.0 = Debug|Any CPU
		{B5EE597E-B5A9-4EE5-9FB6-EE8469E7D30D}.Debug|ARM.ActiveCfg = Debug|Any CPU
		{B5EE597E-B5A9-4EE5-9FB6-EE8469E7D30D}.Debug|ARM.Build.0 = Debug|Any CPU
		{B5EE597E-B5A9-4EE5-9FB6-EE8469E7D30D}.Debug|ARM64.ActiveCfg = Debug|Any CPU
		{B5EE597E-B5A9-4EE5-9FB6-EE8469E7D30D}.Debug|ARM64.Build.0 = Debug|Any CPU
		{B5EE597E-B5A9-4EE5-9FB6-EE8469E7D30D}.Debug|x64.ActiveCfg = Debug|Any CPU
		{B5EE597E-B5A9-4EE5-9FB6-EE8469E7D30D}.Debug|x64.Build.0 = Debug|Any CPU
		{B5EE597E-B5A9-4EE5-9FB6-EE8469E7D30D}.Debug|x86.ActiveCfg = Debug|Any CPU
		{B5EE597E-B5A9-4EE5-9FB6-EE8469E7D30D}.Debug|x86.Build.0 = Debug|Any CPU
		{B5EE597E-B5A9-4EE5-9FB6-EE8469E7D30D}.Release|Any CPU.ActiveCfg = Release|Any CPU
		{B5EE597E-B5A9-4EE5-9FB6-EE8469E7D30D}.Release|Any CPU.Build.0 = Release|Any CPU
		{B5EE597E-B5A9-4EE5-9FB6-EE8469E7D30D}.Release|ARM.ActiveCfg = Release|Any CPU
		{B5EE597E-B5A9-4EE5-9FB6-EE8469E7D30D}.Release|ARM.Build.0 = Release|Any CPU
		{B5EE597E-B5A9-4EE5-9FB6-EE8469E7D30D}.Release|ARM64.ActiveCfg = Release|Any CPU
		{B5EE597E-B5A9-4EE5-9FB6-EE8469E7D30D}.Release|ARM64.Build.0 = Release|Any CPU
		{B5EE597E-B5A9-4EE5-9FB6-EE8469E7D30D}.Release|x64.ActiveCfg = Release|Any CPU
		{B5EE597E-B5A9-4EE5-9FB6-EE8469E7D30D}.Release|x64.Build.0 = Release|Any CPU
		{B5EE597E-B5A9-4EE5-9FB6-EE8469E7D30D}.Release|x86.ActiveCfg = Release|Any CPU
		{B5EE597E-B5A9-4EE5-9FB6-EE8469E7D30D}.Release|x86.Build.0 = Release|Any CPU
	EndGlobalSection
	GlobalSection(SolutionProperties) = preSolution
		HideSolutionNode = FALSE
	EndGlobalSection
	GlobalSection(ExtensibilityGlobals) = postSolution
		EnterpriseLibraryConfigurationToolBinariesPathV6 = packages\EnterpriseLibrary.TransientFaultHandling.6.0.1304.0\lib\portable-net45+win+wp8
		SolutionGuid = {E65B73EE-F1A3-4C8B-8FA7-9B4104B979B2}
	EndGlobalSection
EndGlobal
